
Microsoft Visual Studio Solution File, Format Version 12.00
# Visual Studio Version 16
VisualStudioVersion = 16.0.30717.126
MinimumVisualStudioVersion = 10.0.40219.1
Project("{FAE04EC0-301F-11D3-BF4B-00C04F79EFBC}") = "EventBase", "EventBase\EventBase.csproj", "{E239A658-A435-4D2B-9C79-D3F9EE064CCF}"
EndProject
Global
	GlobalSection(SolutionConfigurationPlatforms) = preSolution
		Debug|Any CPU = Debug|Any CPU
		Release|Any CPU = Release|Any CPU
	EndGlobalSection
	GlobalSection(ProjectConfigurationPlatforms) = postSolution
		{E239A658-A435-4D2B-9C79-D3F9EE064CCF}.Debug|Any CPU.ActiveCfg = Debug|Any CPU
		{E239A658-A435-4D2B-9C79-D3F9EE064CCF}.Debug|Any CPU.Build.0 = Debug|Any CPU
		{E239A658-A435-4D2B-9C79-D3F9EE064CCF}.Release|Any CPU.ActiveCfg = Release|Any CPU
		{E239A658-A435-4D2B-9C79-D3F9EE064CCF}.Release|Any CPU.Build.0 = Release|Any CPU
	EndGlobalSection
	GlobalSection(SolutionProperties) = preSolution
		HideSolutionNode = FALSE
	EndGlobalSection
	GlobalSection(ExtensibilityGlobals) = postSolution
		SolutionGuid = {EA3BD181-BBA5-4B67-8C13-2631E029EE45}
	EndGlobalSection
EndGlobal
